
Microsoft Visual Studio Solution File, Format Version 12.00
# Visual Studio Version 17
VisualStudioVersion = 17.7.34031.279
MinimumVisualStudioVersion = 10.0.40219.1
Project("{FAE04EC0-301F-11D3-BF4B-00C04F79EFBC}") = "BasicMvvmProject", "BasicMvvmProject\BasicMvvmProject.csproj", "{4BADFFE9-E484-4BB4-A7B5-FFBB68E444CE}"
EndProject
Global
	GlobalSection(SolutionConfigurationPlatforms) = preSolution
		Debug|Any CPU = Debug|Any CPU
		Release|Any CPU = Release|Any CPU
	EndGlobalSection
	GlobalSection(ProjectConfigurationPlatforms) = postSolution
		{4BADFFE9-E484-4BB4-A7B5-FFBB68E444CE}.Debug|Any CPU.ActiveCfg = Debug|Any CPU
		{4BADFFE9-E484-4BB4-A7B5-FFBB68E444CE}.Debug|Any CPU.Build.0 = Debug|Any CPU
		{4BADFFE9-E484-4BB4-A7B5-FFBB68E444CE}.Release|Any CPU.ActiveCfg = Release|Any CPU
		{4BADFFE9-E484-4BB4-A7B5-FFBB68E444CE}.Release|Any CPU.Build.0 = Release|Any CPU
	EndGlobalSection
	GlobalSection(SolutionProperties) = preSolution
		HideSolutionNode = FALSE
	EndGlobalSection
	GlobalSection(ExtensibilityGlobals) = postSolution
		SolutionGuid = {57121F9C-7BE6-404A-8365-34BAC9529FDD}
	EndGlobalSection
EndGlobal
